{
  "name": "node-i2c",
  "version": "1.0.0",
  "lockfileVersion": 3,
  "requires": true,
  "packages": {
    "": {
      "name": "node-i2c",
      "version": "1.0.0",
      "license": "MIT",
      "devDependencies": {
        "@types/node": "^16.18.103"
      }
    },
    "node_modules/@types/node": {
      "version": "16.18.103",
      "resolved": "https://registry.npmjs.org/@types/node/-/node-16.18.103.tgz",
      "integrity": "sha512-gOAcUSik1nR/CRC3BsK8kr6tbmNIOTpvb1sT+v5Nmmys+Ho8YtnIHP90wEsVK4hTcHndOqPVIlehEGEA5y31bA==",
      "dev": true
    }
  }
}
